
Microsoft Visual Studio Solution File, Format Version 12.00
# Visual Studio Version 17
VisualStudioVersion = 17.8.34330.188
MinimumVisualStudioVersion = 10.0.40219.1
Project("{8BC9CEB8-8B4A-11D0-8D11-00A0C91BC942}") = "Problem #1 - Number to Text", "Problem #1 - Number to Text\Problem #1 - Number to Text.vcxproj", "{2D18CB2E-AF4E-406A-AF14-73B250E8E0EC}"
EndProject
Project("{8BC9CEB8-8B4A-11D0-8D11-00A0C91BC942}") = "Problem #2 - Is Leap", "Problem #2 - Is Leap\Problem #2 - Is Leap.vcxproj", "{833EC86B-DFA1-4394-B15E-DD49932A7FDA}"
EndProject
Project("{8BC9CEB8-8B4A-11D0-8D11-00A0C91BC942}") = "Problem #4 - Convert Year to Days, Hours, Minutes and Seconds", "Problem #4 - Convert Year to Days, Hours, Minutes and Seconds\Problem #4 - Convert Year to Days, Hours, Minutes and Seconds.vcxproj", "{BBD8D249-8F4B-4A03-B7EE-6D50CB01C3B7}"
EndProject
Project("{8BC9CEB8-8B4A-11D0-8D11-00A0C91BC942}") = "Problem #5 - Convert Month to Days, Hours, Minutes and Seconds", "Problem #5 - Convert Month to Days, Hours, Minutes and Seconds\Problem #5 - Convert Month to Days, Hours, Minutes and Seconds.vcxproj", "{EE9D52FB-C8E7-4026-B41E-680EC5EB8F9E}"
EndProject
Project("{8BC9CEB8-8B4A-11D0-8D11-00A0C91BC942}") = "Problem #7 - Get Day Name By Date", "Problem #7 - Get Day Name By Date\Problem #7 - Get Day Name By Date.vcxproj", "{E80BF3D1-1298-4F61-8FCA-E661FD80518D}"
EndProject
Project("{8BC9CEB8-8B4A-11D0-8D11-00A0C91BC942}") = "Problem #8 - Print Month Calendar", "Problem #8 - Print Month Calendar\Problem #8 - Print Month Calendar.vcxproj", "{3C5B9916-6CF1-46B9-B5E1-982B36C35F27}"
EndProject
Project("{8BC9CEB8-8B4A-11D0-8D11-00A0C91BC942}") = "Problem #9 - Print Year Calendar", "Problem #9 - Print Year Calendar\Problem #9 - Print Year Calendar.vcxproj", "{7C3F3359-686C-40A5-929A-437A35B044EE}"
EndProject
Project("{8BC9CEB8-8B4A-11D0-8D11-00A0C91BC942}") = "Problem #10 - Number Of Days From The Begining Of The Year", "Problem #10 - Number Of Days From The Begining Of The Year\Problem #10 - Number Of Days From The Begining Of The Year.vcxproj", "{AD3AD653-6F61-49B8-B8F3-21BB83B2AAAF}"
EndProject
Project("{8BC9CEB8-8B4A-11D0-8D11-00A0C91BC942}") = "Problem #11 - Get Date From Day Order In Year", "Problem #11 - Get Date From Day Order In Year\Problem #11 - Get Date From Day Order In Year.vcxproj", "{7EF3DFC6-FFCC-45A4-85A3-2FEEEA806F63}"
EndProject
Project("{8BC9CEB8-8B4A-11D0-8D11-00A0C91BC942}") = "Problem #18 - Number Of Days From The Begining Of The More Than Year", "Number Of Days From The Begining Of The More Than Year\Number Of Days From The Begining Of The More Than Year.vcxproj", "{173F8C7C-37CA-4FBF-9700-BFB08B6D19B0}"
EndProject
Project("{8BC9CEB8-8B4A-11D0-8D11-00A0C91BC942}") = "Problem #13 -  Is Date1 Before Date2", "Problem #13 -  Is Date1 Before Date2\Problem #13 -  Is Date1 Before Date2.vcxproj", "{1EF1C259-1F31-4BA2-BA8B-73648EDF3F91}"
EndProject
Project("{8BC9CEB8-8B4A-11D0-8D11-00A0C91BC942}") = "Problem #14 -  Is Date1 Equal Date2", "Problem #14 -  Is Date1 Equal Date2\Problem #14 -  Is Date1 Equal Date2.vcxproj", "{0CF98A85-DCCC-4DCA-A5E1-4FFDC6F54C31}"
EndProject
Project("{8BC9CEB8-8B4A-11D0-8D11-00A0C91BC942}") = "Problem #15 - Is Last Month In Year And Is Last Day in Month", "Problem #15 - Is Last Month In Year And Is Last Day in Month\Problem #15 - Is Last Month In Year And Is Last Day in Month.vcxproj", "{A9037254-F914-4E2D-9FF4-5638BACBBE41}"
EndProject
Project("{8BC9CEB8-8B4A-11D0-8D11-00A0C91BC942}") = "Problem #16 - Add one day to date", "Problem #16 - Add one day to date\Problem #16 - Add one day to date.vcxproj", "{810CE885-0147-444B-82CC-C0751B49A5F7}"
EndProject
Project("{8BC9CEB8-8B4A-11D0-8D11-00A0C91BC942}") = "Problem #17 - Get Difference In Days", "Problem #17 - Get Difference In Days\Problem #17 - Get Difference In Days.vcxproj", "{96F8EE61-0A41-4A1D-BD67-12AC0D4B6115}"
EndProject
Project("{8BC9CEB8-8B4A-11D0-8D11-00A0C91BC942}") = "Problem #20 to #32", "Problem #20 to #32\Problem #20 to #32.vcxproj", "{A0446639-61C7-468A-84B0-B02FC83BC6D1}"
EndProject
Project("{8BC9CEB8-8B4A-11D0-8D11-00A0C91BC942}") = "Problem #33 to 46", "Problem #33 to 46\Problem #33 to 46.vcxproj", "{28F4C92F-0915-46CD-8487-9257853C50D5}"
EndProject
Project("{8BC9CEB8-8B4A-11D0-8D11-00A0C91BC942}") = "Problem #47 to 53", "Problem #47 to 53\Problem #47 to 53.vcxproj", "{68A019BF-771D-4D9B-82AB-5454E25EA599}"
EndProject
Project("{8BC9CEB8-8B4A-11D0-8D11-00A0C91BC942}") = "Problem #54 - Calculate Vacation Days", "Problem #54 - Calculate Vacation Days\Problem #54 - Calculate Vacation Days.vcxproj", "{7A4C7E1F-9C44-4B61-A94F-2534BD90EAF2}"
EndProject
Global
	GlobalSection(SolutionConfigurationPlatforms) = preSolution
		Debug|x64 = Debug|x64
		Debug|x86 = Debug|x86
		Release|x64 = Release|x64
		Release|x86 = Release|x86
	EndGlobalSection
	GlobalSection(ProjectConfigurationPlatforms) = postSolution
		{2D18CB2E-AF4E-406A-AF14-73B250E8E0EC}.Debug|x64.ActiveCfg = Debug|x64
		{2D18CB2E-AF4E-406A-AF14-73B250E8E0EC}.Debug|x64.Build.0 = Debug|x64
		{2D18CB2E-AF4E-406A-AF14-73B250E8E0EC}.Debug|x86.ActiveCfg = Debug|Win32
		{2D18CB2E-AF4E-406A-AF14-73B250E8E0EC}.Debug|x86.Build.0 = Debug|Win32
		{2D18CB2E-AF4E-406A-AF14-73B250E8E0EC}.Release|x64.ActiveCfg = Release|x64
		{2D18CB2E-AF4E-406A-AF14-73B250E8E0EC}.Release|x64.Build.0 = Release|x64
		{2D18CB2E-AF4E-406A-AF14-73B250E8E0EC}.Release|x86.ActiveCfg = Release|Win32
		{2D18CB2E-AF4E-406A-AF14-73B250E8E0EC}.Release|x86.Build.0 = Release|Win32
		{833EC86B-DFA1-4394-B15E-DD49932A7FDA}.Debug|x64.ActiveCfg = Debug|x64
		{833EC86B-DFA1-4394-B15E-DD49932A7FDA}.Debug|x64.Build.0 = Debug|x64
		{833EC86B-DFA1-4394-B15E-DD49932A7FDA}.Debug|x86.ActiveCfg = Debug|Win32
		{833EC86B-DFA1-4394-B15E-DD49932A7FDA}.Debug|x86.Build.0 = Debug|Win32
		{833EC86B-DFA1-4394-B15E-DD49932A7FDA}.Release|x64.ActiveCfg = Release|x64
		{833EC86B-DFA1-4394-B15E-DD49932A7FDA}.Release|x64.Build.0 = Release|x64
		{833EC86B-DFA1-4394-B15E-DD49932A7FDA}.Release|x86.ActiveCfg = Release|Win32
		{833EC86B-DFA1-4394-B15E-DD49932A7FDA}.Release|x86.Build.0 = Release|Win32
		{BBD8D249-8F4B-4A03-B7EE-6D50CB01C3B7}.Debug|x64.ActiveCfg = Debug|x64
		{BBD8D249-8F4B-4A03-B7EE-6D50CB01C3B7}.Debug|x64.Build.0 = Debug|x64
		{BBD8D249-8F4B-4A03-B7EE-6D50CB01C3B7}.Debug|x86.ActiveCfg = Debug|Win32
		{BBD8D249-8F4B-4A03-B7EE-6D50CB01C3B7}.Debug|x86.Build.0 = Debug|Win32
		{BBD8D249-8F4B-4A03-B7EE-6D50CB01C3B7}.Release|x64.ActiveCfg = Release|x64
		{BBD8D249-8F4B-4A03-B7EE-6D50CB01C3B7}.Release|x64.Build.0 = Release|x64
		{BBD8D249-8F4B-4A03-B7EE-6D50CB01C3B7}.Release|x86.ActiveCfg = Release|Win32
		{BBD8D249-8F4B-4A03-B7EE-6D50CB01C3B7}.Release|x86.Build.0 = Release|Win32
		{EE9D52FB-C8E7-4026-B41E-680EC5EB8F9E}.Debug|x64.ActiveCfg = Debug|x64
		{EE9D52FB-C8E7-4026-B41E-680EC5EB8F9E}.Debug|x64.Build.0 = Debug|x64
		{EE9D52FB-C8E7-4026-B41E-680EC5EB8F9E}.Debug|x86.ActiveCfg = Debug|Win32
		{EE9D52FB-C8E7-4026-B41E-680EC5EB8F9E}.Debug|x86.Build.0 = Debug|Win32
		{EE9D52FB-C8E7-4026-B41E-680EC5EB8F9E}.Release|x64.ActiveCfg = Release|x64
		{EE9D52FB-C8E7-4026-B41E-680EC5EB8F9E}.Release|x64.Build.0 = Release|x64
		{EE9D52FB-C8E7-4026-B41E-680EC5EB8F9E}.Release|x86.ActiveCfg = Release|Win32
		{EE9D52FB-C8E7-4026-B41E-680EC5EB8F9E}.Release|x86.Build.0 = Release|Win32
		{E80BF3D1-1298-4F61-8FCA-E661FD80518D}.Debug|x64.ActiveCfg = Debug|x64
		{E80BF3D1-1298-4F61-8FCA-E661FD80518D}.Debug|x64.Build.0 = Debug|x64
		{E80BF3D1-1298-4F61-8FCA-E661FD80518D}.Debug|x86.ActiveCfg = Debug|Win32
		{E80BF3D1-1298-4F61-8FCA-E661FD80518D}.Debug|x86.Build.0 = Debug|Win32
		{E80BF3D1-1298-4F61-8FCA-E661FD80518D}.Release|x64.ActiveCfg = Release|x64
		{E80BF3D1-1298-4F61-8FCA-E661FD80518D}.Release|x64.Build.0 = Release|x64
		{E80BF3D1-1298-4F61-8FCA-E661FD80518D}.Release|x86.ActiveCfg = Release|Win32
		{E80BF3D1-1298-4F61-8FCA-E661FD80518D}.Release|x86.Build.0 = Release|Win32
		{3C5B9916-6CF1-46B9-B5E1-982B36C35F27}.Debug|x64.ActiveCfg = Debug|x64
		{3C5B9916-6CF1-46B9-B5E1-982B36C35F27}.Debug|x64.Build.0 = Debug|x64
		{3C5B9916-6CF1-46B9-B5E1-982B36C35F27}.Debug|x86.ActiveCfg = Debug|Win32
		{3C5B9916-6CF1-46B9-B5E1-982B36C35F27}.Debug|x86.Build.0 = Debug|Win32
		{3C5B9916-6CF1-46B9-B5E1-982B36C35F27}.Release|x64.ActiveCfg = Release|x64
		{3C5B9916-6CF1-46B9-B5E1-982B36C35F27}.Release|x64.Build.0 = Release|x64
		{3C5B9916-6CF1-46B9-B5E1-982B36C35F27}.Release|x86.ActiveCfg = Release|Win32
		{3C5B9916-6CF1-46B9-B5E1-982B36C35F27}.Release|x86.Build.0 = Release|Win32
		{7C3F3359-686C-40A5-929A-437A35B044EE}.Debug|x64.ActiveCfg = Debug|x64
		{7C3F3359-686C-40A5-929A-437A35B044EE}.Debug|x64.Build.0 = Debug|x64
		{7C3F3359-686C-40A5-929A-437A35B044EE}.Debug|x86.ActiveCfg = Debug|Win32
		{7C3F3359-686C-40A5-929A-437A35B044EE}.Debug|x86.Build.0 = Debug|Win32
		{7C3F3359-686C-40A5-929A-437A35B044EE}.Release|x64.ActiveCfg = Release|x64
		{7C3F3359-686C-40A5-929A-437A35B044EE}.Release|x64.Build.0 = Release|x64
		{7C3F3359-686C-40A5-929A-437A35B044EE}.Release|x86.ActiveCfg = Release|Win32
		{7C3F3359-686C-40A5-929A-437A35B044EE}.Release|x86.Build.0 = Release|Win32
		{AD3AD653-6F61-49B8-B8F3-21BB83B2AAAF}.Debug|x64.ActiveCfg = Debug|x64
		{AD3AD653-6F61-49B8-B8F3-21BB83B2AAAF}.Debug|x64.Build.0 = Debug|x64
		{AD3AD653-6F61-49B8-B8F3-21BB83B2AAAF}.Debug|x86.ActiveCfg = Debug|Win32
		{AD3AD653-6F61-49B8-B8F3-21BB83B2AAAF}.Debug|x86.Build.0 = Debug|Win32
		{AD3AD653-6F61-49B8-B8F3-21BB83B2AAAF}.Release|x64.ActiveCfg = Release|x64
		{AD3AD653-6F61-49B8-B8F3-21BB83B2AAAF}.Release|x64.Build.0 = Release|x64
		{AD3AD653-6F61-49B8-B8F3-21BB83B2AAAF}.Release|x86.ActiveCfg = Release|Win32
		{AD3AD653-6F61-49B8-B8F3-21BB83B2AAAF}.Release|x86.Build.0 = Release|Win32
		{7EF3DFC6-FFCC-45A4-85A3-2FEEEA806F63}.Debug|x64.ActiveCfg = Debug|x64
		{7EF3DFC6-FFCC-45A4-85A3-2FEEEA806F63}.Debug|x64.Build.0 = Debug|x64
		{7EF3DFC6-FFCC-45A4-85A3-2FEEEA806F63}.Debug|x86.ActiveCfg = Debug|Win32
		{7EF3DFC6-FFCC-45A4-85A3-2FEEEA806F63}.Debug|x86.Build.0 = Debug|Win32
		{7EF3DFC6-FFCC-45A4-85A3-2FEEEA806F63}.Release|x64.ActiveCfg = Release|x64
		{7EF3DFC6-FFCC-45A4-85A3-2FEEEA806F63}.Release|x64.Build.0 = Release|x64
		{7EF3DFC6-FFCC-45A4-85A3-2FEEEA806F63}.Release|x86.ActiveCfg = Release|Win32
		{7EF3DFC6-FFCC-45A4-85A3-2FEEEA806F63}.Release|x86.Build.0 = Release|Win32
		{173F8C7C-37CA-4FBF-9700-BFB08B6D19B0}.Debug|x64.ActiveCfg = Debug|x64
		{173F8C7C-37CA-4FBF-9700-BFB08B6D19B0}.Debug|x64.Build.0 = Debug|x64
		{173F8C7C-37CA-4FBF-9700-BFB08B6D19B0}.Debug|x86.ActiveCfg = Debug|Win32
		{173F8C7C-37CA-4FBF-9700-BFB08B6D19B0}.Debug|x86.Build.0 = Debug|Win32
		{173F8C7C-37CA-4FBF-9700-BFB08B6D19B0}.Release|x64.ActiveCfg = Release|x64
		{173F8C7C-37CA-4FBF-9700-BFB08B6D19B0}.Release|x64.Build.0 = Release|x64
		{173F8C7C-37CA-4FBF-9700-BFB08B6D19B0}.Release|x86.ActiveCfg = Release|Win32
		{173F8C7C-37CA-4FBF-9700-BFB08B6D19B0}.Release|x86.Build.0 = Release|Win32
		{1EF1C259-1F31-4BA2-BA8B-73648EDF3F91}.Debug|x64.ActiveCfg = Debug|x64
		{1EF1C259-1F31-4BA2-BA8B-73648EDF3F91}.Debug|x64.Build.0 = Debug|x64
		{1EF1C259-1F31-4BA2-BA8B-73648EDF3F91}.Debug|x86.ActiveCfg = Debug|Win32
		{1EF1C259-1F31-4BA2-BA8B-73648EDF3F91}.Debug|x86.Build.0 = Debug|Win32
		{1EF1C259-1F31-4BA2-BA8B-73648EDF3F91}.Release|x64.ActiveCfg = Release|x64
		{1EF1C259-1F31-4BA2-BA8B-73648EDF3F91}.Release|x64.Build.0 = Release|x64
		{1EF1C259-1F31-4BA2-BA8B-73648EDF3F91}.Release|x86.ActiveCfg = Release|Win32
		{1EF1C259-1F31-4BA2-BA8B-73648EDF3F91}.Release|x86.Build.0 = Release|Win32
		{0CF98A85-DCCC-4DCA-A5E1-4FFDC6F54C31}.Debug|x64.ActiveCfg = Debug|x64
		{0CF98A85-DCCC-4DCA-A5E1-4FFDC6F54C31}.Debug|x64.Build.0 = Debug|x64
		{0CF98A85-DCCC-4DCA-A5E1-4FFDC6F54C31}.Debug|x86.ActiveCfg = Debug|Win32
		{0CF98A85-DCCC-4DCA-A5E1-4FFDC6F54C31}.Debug|x86.Build.0 = Debug|Win32
		{0CF98A85-DCCC-4DCA-A5E1-4FFDC6F54C31}.Release|x64.ActiveCfg = Release|x64
		{0CF98A85-DCCC-4DCA-A5E1-4FFDC6F54C31}.Release|x64.Build.0 = Release|x64
		{0CF98A85-DCCC-4DCA-A5E1-4FFDC6F54C31}.Release|x86.ActiveCfg = Release|Win32
		{0CF98A85-DCCC-4DCA-A5E1-4FFDC6F54C31}.Release|x86.Build.0 = Release|Win32
		{A9037254-F914-4E2D-9FF4-5638BACBBE41}.Debug|x64.ActiveCfg = Debug|x64
		{A9037254-F914-4E2D-9FF4-5638BACBBE41}.Debug|x64.Build.0 = Debug|x64
		{A9037254-F914-4E2D-9FF4-5638BACBBE41}.Debug|x86.ActiveCfg = Debug|Win32
		{A9037254-F914-4E2D-9FF4-5638BACBBE41}.Debug|x86.Build.0 = Debug|Win32
		{A9037254-F914-4E2D-9FF4-5638BACBBE41}.Release|x64.ActiveCfg = Release|x64
		{A9037254-F914-4E2D-9FF4-5638BACBBE41}.Release|x64.Build.0 = Release|x64
		{A9037254-F914-4E2D-9FF4-5638BACBBE41}.Release|x86.ActiveCfg = Release|Win32
		{A9037254-F914-4E2D-9FF4-5638BACBBE41}.Release|x86.Build.0 = Release|Win32
		{810CE885-0147-444B-82CC-C0751B49A5F7}.Debug|x64.ActiveCfg = Debug|x64
		{810CE885-0147-444B-82CC-C0751B49A5F7}.Debug|x64.Build.0 = Debug|x64
		{810CE885-0147-444B-82CC-C0751B49A5F7}.Debug|x86.ActiveCfg = Debug|Win32
		{810CE885-0147-444B-82CC-C0751B49A5F7}.Debug|x86.Build.0 = Debug|Win32
		{810CE885-0147-444B-82CC-C0751B49A5F7}.Release|x64.ActiveCfg = Release|x64
		{810CE885-0147-444B-82CC-C0751B49A5F7}.Release|x64.Build.0 = Release|x64
		{810CE885-0147-444B-82CC-C0751B49A5F7}.Release|x86.ActiveCfg = Release|Win32
		{810CE885-0147-444B-82CC-C0751B49A5F7}.Release|x86.Build.0 = Release|Win32
		{96F8EE61-0A41-4A1D-BD67-12AC0D4B6115}.Debug|x64.ActiveCfg = Debug|x64
		{96F8EE61-0A41-4A1D-BD67-12AC0D4B6115}.Debug|x64.Build.0 = Debug|x64
		{96F8EE61-0A41-4A1D-BD67-12AC0D4B6115}.Debug|x86.ActiveCfg = Debug|Win32
		{96F8EE61-0A41-4A1D-BD67-12AC0D4B6115}.Debug|x86.Build.0 = Debug|Win32
		{96F8EE61-0A41-4A1D-BD67-12AC0D4B6115}.Release|x64.ActiveCfg = Release|x64
		{96F8EE61-0A41-4A1D-BD67-12AC0D4B6115}.Release|x64.Build.0 = Release|x64
		{96F8EE61-0A41-4A1D-BD67-12AC0D4B6115}.Release|x86.ActiveCfg = Release|Win32
		{96F8EE61-0A41-4A1D-BD67-12AC0D4B6115}.Release|x86.Build.0 = Release|Win32
		{A0446639-61C7-468A-84B0-B02FC83BC6D1}.Debug|x64.ActiveCfg = Debug|x64
		{A0446639-61C7-468A-84B0-B02FC83BC6D1}.Debug|x64.Build.0 = Debug|x64
		{A0446639-61C7-468A-84B0-B02FC83BC6D1}.Debug|x86.ActiveCfg = Debug|Win32
		{A0446639-61C7-468A-84B0-B02FC83BC6D1}.Debug|x86.Build.0 = Debug|Win32
		{A0446639-61C7-468A-84B0-B02FC83BC6D1}.Release|x64.ActiveCfg = Release|x64
		{A0446639-61C7-468A-84B0-B02FC83BC6D1}.Release|x64.Build.0 = Release|x64
		{A0446639-61C7-468A-84B0-B02FC83BC6D1}.Release|x86.ActiveCfg = Release|Win32
		{A0446639-61C7-468A-84B0-B02FC83BC6D1}.Release|x86.Build.0 = Release|Win32
		{28F4C92F-0915-46CD-8487-9257853C50D5}.Debug|x64.ActiveCfg = Debug|x64
		{28F4C92F-0915-46CD-8487-9257853C50D5}.Debug|x64.Build.0 = Debug|x64
		{28F4C92F-0915-46CD-8487-9257853C50D5}.Debug|x86.ActiveCfg = Debug|Win32
		{28F4C92F-0915-46CD-8487-9257853C50D5}.Debug|x86.Build.0 = Debug|Win32
		{28F4C92F-0915-46CD-8487-9257853C50D5}.Release|x64.ActiveCfg = Release|x64
		{28F4C92F-0915-46CD-8487-9257853C50D5}.Release|x64.Build.0 = Release|x64
		{28F4C92F-0915-46CD-8487-9257853C50D5}.Release|x86.ActiveCfg = Release|Win32
		{28F4C92F-0915-46CD-8487-9257853C50D5}.Release|x86.Build.0 = Release|Win32
		{68A019BF-771D-4D9B-82AB-5454E25EA599}.Debug|x64.ActiveCfg = Debug|x64
		{68A019BF-771D-4D9B-82AB-5454E25EA599}.Debug|x64.Build.0 = Debug|x64
		{68A019BF-771D-4D9B-82AB-5454E25EA599}.Debug|x86.ActiveCfg = Debug|Win32
		{68A019BF-771D-4D9B-82AB-5454E25EA599}.Debug|x86.Build.0 = Debug|Win32
		{68A019BF-771D-4D9B-82AB-5454E25EA599}.Release|x64.ActiveCfg = Release|x64
		{68A019BF-771D-4D9B-82AB-5454E25EA599}.Release|x64.Build.0 = Release|x64
		{68A019BF-771D-4D9B-82AB-5454E25EA599}.Release|x86.ActiveCfg = Release|Win32
		{68A019BF-771D-4D9B-82AB-5454E25EA599}.Release|x86.Build.0 = Release|Win32
		{7A4C7E1F-9C44-4B61-A94F-2534BD90EAF2}.Debug|x64.ActiveCfg = Debug|x64
		{7A4C7E1F-9C44-4B61-A94F-2534BD90EAF2}.Debug|x64.Build.0 = Debug|x64
		{7A4C7E1F-9C44-4B61-A94F-2534BD90EAF2}.Debug|x86.ActiveCfg = Debug|Win32
		{7A4C7E1F-9C44-4B61-A94F-2534BD90EAF2}.Debug|x86.Build.0 = Debug|Win32
		{7A4C7E1F-9C44-4B61-A94F-2534BD90EAF2}.Release|x64.ActiveCfg = Release|x64
		{7A4C7E1F-9C44-4B61-A94F-2534BD90EAF2}.Release|x64.Build.0 = Release|x64
		{7A4C7E1F-9C44-4B61-A94F-2534BD90EAF2}.Release|x86.ActiveCfg = Release|Win32
		{7A4C7E1F-9C44-4B61-A94F-2534BD90EAF2}.Release|x86.Build.0 = Release|Win32
	EndGlobalSection
	GlobalSection(SolutionProperties) = preSolution
		HideSolutionNode = FALSE
	EndGlobalSection
	GlobalSection(ExtensibilityGlobals) = postSolution
		SolutionGuid = {9A4CA892-A05C-43DA-881D-D9E1F3117802}
	EndGlobalSection
EndGlobal
